
Microsoft Visual Studio Solution File, Format Version 12.00
# Visual Studio Version 17
VisualStudioVersion = 17.5.33516.290
MinimumVisualStudioVersion = 10.0.40219.1
Project("{9A19103F-16F7-4668-BE54-9A1E7A4F7556}") = "Asap2", "Asap2\Asap2.csproj", "{EFADEE96-3767-42C4-92D3-BF0095B70553}"
EndProject
Project("{9A19103F-16F7-4668-BE54-9A1E7A4F7556}") = "Asap2Test", "Asap2Test\Asap2Test.csproj", "{449BBB8A-D579-4984-8FCE-E8173929309A}"
EndProject
Project("{9A19103F-16F7-4668-BE54-9A1E7A4F7556}") = "Asap2.Tests", "Asap2.Tests\Asap2.Tests.csproj", "{8B8F4BFF-0976-4F2D-A698-FBA980F27E80}"
EndProject
Global
	GlobalSection(SolutionConfigurationPlatforms) = preSolution
		Debug|Any CPU = Debug|Any CPU
		Release|Any CPU = Release|Any CPU
	EndGlobalSection
	GlobalSection(ProjectConfigurationPlatforms) = postSolution
		{EFADEE96-3767-42C4-92D3-BF0095B70553}.Debug|Any CPU.ActiveCfg = Debug|Any CPU
		{EFADEE96-3767-42C4-92D3-BF0095B70553}.Debug|Any CPU.Build.0 = Debug|Any CPU
		{EFADEE96-3767-42C4-92D3-BF0095B70553}.Release|Any CPU.ActiveCfg = Release|Any CPU
		{EFADEE96-3767-42C4-92D3-BF0095B70553}.Release|Any CPU.Build.0 = Release|Any CPU
		{449BBB8A-D579-4984-8FCE-E8173929309A}.Debug|Any CPU.ActiveCfg = Debug|Any CPU
		{449BBB8A-D579-4984-8FCE-E8173929309A}.Debug|Any CPU.Build.0 = Debug|Any CPU
		{449BBB8A-D579-4984-8FCE-E8173929309A}.Release|Any CPU.ActiveCfg = Release|Any CPU
		{449BBB8A-D579-4984-8FCE-E8173929309A}.Release|Any CPU.Build.0 = Release|Any CPU
		{8B8F4BFF-0976-4F2D-A698-FBA980F27E80}.Debug|Any CPU.ActiveCfg = Debug|Any CPU
		{8B8F4BFF-0976-4F2D-A698-FBA980F27E80}.Debug|Any CPU.Build.0 = Debug|Any CPU
		{8B8F4BFF-0976-4F2D-A698-FBA980F27E80}.Release|Any CPU.ActiveCfg = Release|Any CPU
		{8B8F4BFF-0976-4F2D-A698-FBA980F27E80}.Release|Any CPU.Build.0 = Release|Any CPU
	EndGlobalSection
	GlobalSection(SolutionProperties) = preSolution
		HideSolutionNode = FALSE
	EndGlobalSection
	GlobalSection(ExtensibilityGlobals) = postSolution
		SolutionGuid = {BC7F869C-9D72-41BE-A653-327B31112672}
	EndGlobalSection
EndGlobal
